
Microsoft Visual Studio Solution File, Format Version 12.00
# Visual Studio 15
VisualStudioVersion = 15.0.28307.421
MinimumVisualStudioVersion = 10.0.40219.1
Project("{FAE04EC0-301F-11D3-BF4B-00C04F79EFBC}") = "SkipListTest", "SkipList\SkipListTest.csproj", "{10687D68-BD1D-4F12-8D72-03CA06414319}"
EndProject
Project("{FAE04EC0-301F-11D3-BF4B-00C04F79EFBC}") = "SkipListLib", "SkipListLib\SkipListLib.csproj", "{3C5CBC8D-30FA-4262-85B5-75B4E2DFEC8E}"
EndProject
Global
	GlobalSection(SolutionConfigurationPlatforms) = preSolution
		Debug|Any CPU = Debug|Any CPU
		Release|Any CPU = Release|Any CPU
	EndGlobalSection
	GlobalSection(ProjectConfigurationPlatforms) = postSolution
		{10687D68-BD1D-4F12-8D72-03CA06414319}.Debug|Any CPU.ActiveCfg = Debug|Any CPU
		{10687D68-BD1D-4F12-8D72-03CA06414319}.Debug|Any CPU.Build.0 = Debug|Any CPU
		{10687D68-BD1D-4F12-8D72-03CA06414319}.Release|Any CPU.ActiveCfg = Release|Any CPU
		{10687D68-BD1D-4F12-8D72-03CA06414319}.Release|Any CPU.Build.0 = Release|Any CPU
		{3C5CBC8D-30FA-4262-85B5-75B4E2DFEC8E}.Debug|Any CPU.ActiveCfg = Debug|Any CPU
		{3C5CBC8D-30FA-4262-85B5-75B4E2DFEC8E}.Debug|Any CPU.Build.0 = Debug|Any CPU
		{3C5CBC8D-30FA-4262-85B5-75B4E2DFEC8E}.Release|Any CPU.ActiveCfg = Release|Any CPU
		{3C5CBC8D-30FA-4262-85B5-75B4E2DFEC8E}.Release|Any CPU.Build.0 = Release|Any CPU
	EndGlobalSection
	GlobalSection(SolutionProperties) = preSolution
		HideSolutionNode = FALSE
	EndGlobalSection
	GlobalSection(ExtensibilityGlobals) = postSolution
		SolutionGuid = {625699EA-FA47-41BC-A111-2FB72153144E}
	EndGlobalSection
EndGlobal
