
Microsoft Visual Studio Solution File, Format Version 12.00
# Visual Studio 15
VisualStudioVersion = 15.0.28307.421
MinimumVisualStudioVersion = 10.0.40219.1
Project("{FAE04EC0-301F-11D3-BF4B-00C04F79EFBC}") = "AVLTreeLab", "AVLTreeLab\AVLTreeLab.csproj", "{D12CD6C6-4936-41E0-A4FE-CEAB79359DE1}"
EndProject
Project("{FAE04EC0-301F-11D3-BF4B-00C04F79EFBC}") = "AVLTreeLib", "AVLTreeLib\AVLTreeLib.csproj", "{B5D7F49E-8E56-4546-8697-E728C1E83457}"
EndProject
Project("{FAE04EC0-301F-11D3-BF4B-00C04F79EFBC}") = "UnitTestAVLTree1", "UnitTestAVLTree1\UnitTestAVLTree1.csproj", "{7CA0D8A1-5738-4A2E-B90B-41180AB58277}"
EndProject
Global
	GlobalSection(SolutionConfigurationPlatforms) = preSolution
		Debug|Any CPU = Debug|Any CPU
		Release|Any CPU = Release|Any CPU
	EndGlobalSection
	GlobalSection(ProjectConfigurationPlatforms) = postSolution
		{D12CD6C6-4936-41E0-A4FE-CEAB79359DE1}.Debug|Any CPU.ActiveCfg = Debug|Any CPU
		{D12CD6C6-4936-41E0-A4FE-CEAB79359DE1}.Debug|Any CPU.Build.0 = Debug|Any CPU
		{D12CD6C6-4936-41E0-A4FE-CEAB79359DE1}.Release|Any CPU.ActiveCfg = Release|Any CPU
		{D12CD6C6-4936-41E0-A4FE-CEAB79359DE1}.Release|Any CPU.Build.0 = Release|Any CPU
		{B5D7F49E-8E56-4546-8697-E728C1E83457}.Debug|Any CPU.ActiveCfg = Debug|Any CPU
		{B5D7F49E-8E56-4546-8697-E728C1E83457}.Debug|Any CPU.Build.0 = Debug|Any CPU
		{B5D7F49E-8E56-4546-8697-E728C1E83457}.Release|Any CPU.ActiveCfg = Release|Any CPU
		{B5D7F49E-8E56-4546-8697-E728C1E83457}.Release|Any CPU.Build.0 = Release|Any CPU
		{7CA0D8A1-5738-4A2E-B90B-41180AB58277}.Debug|Any CPU.ActiveCfg = Debug|Any CPU
		{7CA0D8A1-5738-4A2E-B90B-41180AB58277}.Debug|Any CPU.Build.0 = Debug|Any CPU
		{7CA0D8A1-5738-4A2E-B90B-41180AB58277}.Release|Any CPU.ActiveCfg = Release|Any CPU
		{7CA0D8A1-5738-4A2E-B90B-41180AB58277}.Release|Any CPU.Build.0 = Release|Any CPU
	EndGlobalSection
	GlobalSection(SolutionProperties) = preSolution
		HideSolutionNode = FALSE
	EndGlobalSection
	GlobalSection(ExtensibilityGlobals) = postSolution
		SolutionGuid = {B65DCD6C-28B7-4CC2-B769-7D1D312AADF1}
	EndGlobalSection
EndGlobal
